
Microsoft Visual Studio Solution File, Format Version 12.00
# Visual Studio Version 17
VisualStudioVersion = 17.2.32630.192
MinimumVisualStudioVersion = 10.0.40219.1
Project("{FAE04EC0-301F-11D3-BF4B-00C04F79EFBC}") = "AUTWPApp", "AUTWPApp\AUTWPApp.csproj", "{EBF2C844-C7C7-493A-85B3-04B0F8F69938}"
EndProject
Project("{9A19103F-16F7-4668-BE54-9A1E7A4F7556}") = "FlaUI.TestUtilities", "FlaUI.TestUtilities\FlaUI.TestUtilities.csproj", "{3211C8B4-DEEE-48AF-AC0F-0BC62F118F6B}"
EndProject
Global
	GlobalSection(SolutionConfigurationPlatforms) = preSolution
		Debug|Any CPU = Debug|Any CPU
		Release|Any CPU = Release|Any CPU
	EndGlobalSection
	GlobalSection(ProjectConfigurationPlatforms) = postSolution
		{EBF2C844-C7C7-493A-85B3-04B0F8F69938}.Debug|Any CPU.ActiveCfg = Debug|Any CPU
		{EBF2C844-C7C7-493A-85B3-04B0F8F69938}.Debug|Any CPU.Build.0 = Debug|Any CPU
		{EBF2C844-C7C7-493A-85B3-04B0F8F69938}.Release|Any CPU.ActiveCfg = Release|Any CPU
		{EBF2C844-C7C7-493A-85B3-04B0F8F69938}.Release|Any CPU.Build.0 = Release|Any CPU
		{3211C8B4-DEEE-48AF-AC0F-0BC62F118F6B}.Debug|Any CPU.ActiveCfg = Debug|Any CPU
		{3211C8B4-DEEE-48AF-AC0F-0BC62F118F6B}.Debug|Any CPU.Build.0 = Debug|Any CPU
		{3211C8B4-DEEE-48AF-AC0F-0BC62F118F6B}.Release|Any CPU.ActiveCfg = Release|Any CPU
		{3211C8B4-DEEE-48AF-AC0F-0BC62F118F6B}.Release|Any CPU.Build.0 = Release|Any CPU
	EndGlobalSection
	GlobalSection(SolutionProperties) = preSolution
		HideSolutionNode = FALSE
	EndGlobalSection
	GlobalSection(ExtensibilityGlobals) = postSolution
		SolutionGuid = {0CAE99C4-AE2F-4104-B54B-C06C8AF479EA}
	EndGlobalSection
EndGlobal
